
Microsoft Visual Studio Solution File, Format Version 12.00
# Visual Studio Version 16
VisualStudioVersion = 16.0.31410.357
MinimumVisualStudioVersion = 10.0.40219.1
Project("{FAE04EC0-301F-11D3-BF4B-00C04F79EFBC}") = "BookManager", "BookManager\BookManager.csproj", "{06A2FC26-D819-4E25-AA3A-7678F0F3259D}"
EndProject
Global
	GlobalSection(SolutionConfigurationPlatforms) = preSolution
		Debug|Any CPU = Debug|Any CPU
		Release|Any CPU = Release|Any CPU
	EndGlobalSection
	GlobalSection(ProjectConfigurationPlatforms) = postSolution
		{06A2FC26-D819-4E25-AA3A-7678F0F3259D}.Debug|Any CPU.ActiveCfg = Debug|Any CPU
		{06A2FC26-D819-4E25-AA3A-7678F0F3259D}.Debug|Any CPU.Build.0 = Debug|Any CPU
		{06A2FC26-D819-4E25-AA3A-7678F0F3259D}.Release|Any CPU.ActiveCfg = Release|Any CPU
		{06A2FC26-D819-4E25-AA3A-7678F0F3259D}.Release|Any CPU.Build.0 = Release|Any CPU
	EndGlobalSection
	GlobalSection(SolutionProperties) = preSolution
		HideSolutionNode = FALSE
	EndGlobalSection
	GlobalSection(ExtensibilityGlobals) = postSolution
		SolutionGuid = {6D88BF92-A1BA-4396-99E8-F25A2CCA0D3C}
	EndGlobalSection
EndGlobal
